
Microsoft Visual Studio Solution File, Format Version 10.00
# Visual Studio 2008
Project("{8BC9CEB8-8B4A-11D0-8D11-00A0C91BC942}") = "T33ANIM", "T33ANIM.vcproj", "{92C89932-2674-4F45-AFF4-54BCCF58C643}"
EndProject
Global
	GlobalSection(SolutionConfigurationPlatforms) = preSolution
		Debug|Win32 = Debug|Win32
		Release|Win32 = Release|Win32
	EndGlobalSection
	GlobalSection(ProjectConfigurationPlatforms) = postSolution
		{92C89932-2674-4F45-AFF4-54BCCF58C643}.Debug|Win32.ActiveCfg = Debug|Win32
		{92C89932-2674-4F45-AFF4-54BCCF58C643}.Debug|Win32.Build.0 = Debug|Win32
		{92C89932-2674-4F45-AFF4-54BCCF58C643}.Release|Win32.ActiveCfg = Release|Win32
		{92C89932-2674-4F45-AFF4-54BCCF58C643}.Release|Win32.Build.0 = Release|Win32
	EndGlobalSection
	GlobalSection(SolutionProperties) = preSolution
		HideSolutionNode = FALSE
	EndGlobalSection
EndGlobal
